
Microsoft Visual Studio Solution File, Format Version 12.00
# Visual Studio Version 16
VisualStudioVersion = 25.0.1705.4
MinimumVisualStudioVersion = 10.0.40219.1
Project("{FAE04EC0-301F-11D3-BF4B-00C04F79EFBC}") = "HealthCheckApi", "HealthCheckApi\HealthCheckApi.csproj", "{4D34793E-C38F-4170-88CA-9F4713353FDA}"
EndProject
Global
	GlobalSection(SolutionConfigurationPlatforms) = preSolution
		Debug|Any CPU = Debug|Any CPU
		Release|Any CPU = Release|Any CPU
	EndGlobalSection
	GlobalSection(ProjectConfigurationPlatforms) = postSolution
		{4D34793E-C38F-4170-88CA-9F4713353FDA}.Debug|Any CPU.ActiveCfg = Debug|Any CPU
		{4D34793E-C38F-4170-88CA-9F4713353FDA}.Debug|Any CPU.Build.0 = Debug|Any CPU
		{4D34793E-C38F-4170-88CA-9F4713353FDA}.Release|Any CPU.ActiveCfg = Release|Any CPU
		{4D34793E-C38F-4170-88CA-9F4713353FDA}.Release|Any CPU.Build.0 = Release|Any CPU
	EndGlobalSection
	GlobalSection(SolutionProperties) = preSolution
		HideSolutionNode = FALSE
	EndGlobalSection
	GlobalSection(ExtensibilityGlobals) = postSolution
		SolutionGuid = {E9042915-FEC2-4FAC-AD8D-B45C28D3CE8F}
	EndGlobalSection
EndGlobal
